// !$*UTF8*$!
{
	archiveVersion = 1;
	classes = {
	};
	objectVersion = 48;
	objects = {

/* Begin PBXBuildFile section */
		743445231F9E150200569228 /* QHPushAnimationTransition.swift in Sources */ = {isa = PBXBuildFile; fileRef = 743445221F9E150200569228 /* QHPushAnimationTransition.swift */; };
		745346271FA6252800A8DA04 /* QHNavigationOtherTransition.swift in Sources */ = {isa = PBXBuildFile; fileRef = 745346261FA6252800A8DA04 /* QHNavigationOtherTransition.swift */; };
		745346291FA62B9A00A8DA04 /* QHPresentPushTransition.swift in Sources */ = {isa = PBXBuildFile; fileRef = 745346281FA62B9A00A8DA04 /* QHPresentPushTransition.swift */; };
		7453462B1FA62BA800A8DA04 /* QHPresentPopTransition.swift in Sources */ = {isa = PBXBuildFile; fileRef = 7453462A1FA62BA800A8DA04 /* QHPresentPopTransition.swift */; };
		7453462F1FA63AC600A8DA04 /* QHRecordViewController.swift in Sources */ = {isa = PBXBuildFile; fileRef = 7453462D1FA63AC600A8DA04 /* QHRecordViewController.swift */; };
		745346301FA63AC600A8DA04 /* QHRecordViewController.xib in Resources */ = {isa = PBXBuildFile; fileRef = 7453462E1FA63AC600A8DA04 /* QHRecordViewController.xib */; };
		7468424B1FA051BE00E86B09 /* QHRootScrollViewController.swift in Sources */ = {isa = PBXBuildFile; fileRef = 7468424A1FA051BE00E86B09 /* QHRootScrollViewController.swift */; };
		7468424F1FA0548100E86B09 /* QHLeftRootViewController.swift in Sources */ = {isa = PBXBuildFile; fileRef = 7468424E1FA0548100E86B09 /* QHLeftRootViewController.swift */; };
		746842511FA054AA00E86B09 /* QHTabBarViewController.swift in Sources */ = {isa = PBXBuildFile; fileRef = 746842501FA054AA00E86B09 /* QHTabBarViewController.swift */; };
		747E13801F9F0DAD00F65590 /* QHNavigationControllerTransition.swift in Sources */ = {isa = PBXBuildFile; fileRef = 747E137F1F9F0DAD00F65590 /* QHNavigationControllerTransition.swift */; };
		74A5833A1F93648D0073E5D9 /* AppDelegate.swift in Sources */ = {isa = PBXBuildFile; fileRef = 74A583391F93648D0073E5D9 /* AppDelegate.swift */; };
		74A5833C1F93648D0073E5D9 /* ViewController.swift in Sources */ = {isa = PBXBuildFile; fileRef = 74A5833B1F93648D0073E5D9 /* ViewController.swift */; };
		74A5833F1F93648D0073E5D9 /* Main.storyboard in Resources */ = {isa = PBXBuildFile; fileRef = 74A5833D1F93648D0073E5D9 /* Main.storyboard */; };
		74A583411F93648D0073E5D9 /* Assets.xcassets in Resources */ = {isa = PBXBuildFile; fileRef = 74A583401F93648D0073E5D9 /* Assets.xcassets */; };
		74A583441F93648D0073E5D9 /* LaunchScreen.storyboard in Resources */ = {isa = PBXBuildFile; fileRef = 74A583421F93648D0073E5D9 /* LaunchScreen.storyboard */; };
		74A5834F1F9375AF0073E5D9 /* QHTabBarController.swift in Sources */ = {isa = PBXBuildFile; fileRef = 74A5834E1F9375AF0073E5D9 /* QHTabBarController.swift */; };
		74A583511F93C7390073E5D9 /* QHTabBarView.swift in Sources */ = {isa = PBXBuildFile; fileRef = 74A583501F93C7390073E5D9 /* QHTabBarView.swift */; };
		74A583581F945F100073E5D9 /* Home.storyboard in Resources */ = {isa = PBXBuildFile; fileRef = 74A583571F945F100073E5D9 /* Home.storyboard */; };
		74A5835B1F945F490073E5D9 /* QHBaseViewController.swift in Sources */ = {isa = PBXBuildFile; fileRef = 74A5835A1F945F490073E5D9 /* QHBaseViewController.swift */; };
		74A5835D1F945F790073E5D9 /* QHHomeViewController.swift in Sources */ = {isa = PBXBuildFile; fileRef = 74A5835C1F945F790073E5D9 /* QHHomeViewController.swift */; };
		74A5835F1F945FA60073E5D9 /* Find.storyboard in Resources */ = {isa = PBXBuildFile; fileRef = 74A5835E1F945FA60073E5D9 /* Find.storyboard */; };
		74A583611F945FB20073E5D9 /* Message.storyboard in Resources */ = {isa = PBXBuildFile; fileRef = 74A583601F945FB20073E5D9 /* Message.storyboard */; };
		74A583631F945FBD0073E5D9 /* Mine.storyboard in Resources */ = {isa = PBXBuildFile; fileRef = 74A583621F945FBD0073E5D9 /* Mine.storyboard */; };
		74A583651F9460000073E5D9 /* QHFindViewController.swift in Sources */ = {isa = PBXBuildFile; fileRef = 74A583641F9460000073E5D9 /* QHFindViewController.swift */; };
		74A583671F94601D0073E5D9 /* QHMessageViewController.swift in Sources */ = {isa = PBXBuildFile; fileRef = 74A583661F94601D0073E5D9 /* QHMessageViewController.swift */; };
		74A583691F94602B0073E5D9 /* QHMineViewController.swift in Sources */ = {isa = PBXBuildFile; fileRef = 74A583681F94602B0073E5D9 /* QHMineViewController.swift */; };
		74C07FB61FA5E52100CDD84E /* QHNavigationBar.xib in Resources */ = {isa = PBXBuildFile; fileRef = 74F420F61FA5127000D7671D /* QHNavigationBar.xib */; };
		74DE6F371F9CDA980061D47E /* QHHomeCollectionViewCell.swift in Sources */ = {isa = PBXBuildFile; fileRef = 74DE6F361F9CDA980061D47E /* QHHomeCollectionViewCell.swift */; };
		74DE6F3B1F9CF0B90061D47E /* QHDetailsViewController.swift in Sources */ = {isa = PBXBuildFile; fileRef = 74DE6F391F9CF0B90061D47E /* QHDetailsViewController.swift */; };
		74DE6F3C1F9CF0B90061D47E /* QHDetailsViewController.xib in Resources */ = {isa = PBXBuildFile; fileRef = 74DE6F3A1F9CF0B90061D47E /* QHDetailsViewController.xib */; };
		74DE6F411F9DC2E40061D47E /* QHNavigationController.swift in Sources */ = {isa = PBXBuildFile; fileRef = 74DE6F401F9DC2E40061D47E /* QHNavigationController.swift */; };
		74F420F31FA5113C00D7671D /* QHPlayViewController.swift in Sources */ = {isa = PBXBuildFile; fileRef = 74F420F11FA5113C00D7671D /* QHPlayViewController.swift */; };
		74F420F41FA5113C00D7671D /* QHPlayViewController.xib in Resources */ = {isa = PBXBuildFile; fileRef = 74F420F21FA5113C00D7671D /* QHPlayViewController.xib */; };
		74F420F71FA5127000D7671D /* QHNavigationBar.swift in Sources */ = {isa = PBXBuildFile; fileRef = 74F420F51FA5127000D7671D /* QHNavigationBar.swift */; };
		74F898BC1FA6197C0091CCC9 /* QHBaseTransition.swift in Sources */ = {isa = PBXBuildFile; fileRef = 74F898BB1FA6197C0091CCC9 /* QHBaseTransition.swift */; };
/* End PBXBuildFile section */

/* Begin PBXFileReference section */
		743445221F9E150200569228 /* QHPushAnimationTransition.swift */ = {isa = PBXFileReference; lastKnownFileType = sourcecode.swift; path = QHPushAnimationTransition.swift; sourceTree = "<group>"; };
		745346261FA6252800A8DA04 /* QHNavigationOtherTransition.swift */ = {isa = PBXFileReference; lastKnownFileType = sourcecode.swift; path = QHNavigationOtherTransition.swift; sourceTree = "<group>"; };
		745346281FA62B9A00A8DA04 /* QHPresentPushTransition.swift */ = {isa = PBXFileReference; lastKnownFileType = sourcecode.swift; path = QHPresentPushTransition.swift; sourceTree = "<group>"; };
		7453462A1FA62BA800A8DA04 /* QHPresentPopTransition.swift */ = {isa = PBXFileReference; lastKnownFileType = sourcecode.swift; path = QHPresentPopTransition.swift; sourceTree = "<group>"; };
		7453462D1FA63AC600A8DA04 /* QHRecordViewController.swift */ = {isa = PBXFileReference; lastKnownFileType = sourcecode.swift; path = QHRecordViewController.swift; sourceTree = "<group>"; };
		7453462E1FA63AC600A8DA04 /* QHRecordViewController.xib */ = {isa = PBXFileReference; lastKnownFileType = file.xib; path = QHRecordViewController.xib; sourceTree = "<group>"; };
		7468424A1FA051BE00E86B09 /* QHRootScrollViewController.swift */ = {isa = PBXFileReference; lastKnownFileType = sourcecode.swift; path = QHRootScrollViewController.swift; sourceTree = "<group>"; };
		7468424E1FA0548100E86B09 /* QHLeftRootViewController.swift */ = {isa = PBXFileReference; lastKnownFileType = sourcecode.swift; path = QHLeftRootViewController.swift; sourceTree = "<group>"; };
		746842501FA054AA00E86B09 /* QHTabBarViewController.swift */ = {isa = PBXFileReference; lastKnownFileType = sourcecode.swift; path = QHTabBarViewController.swift; sourceTree = "<group>"; };
		747E137F1F9F0DAD00F65590 /* QHNavigationControllerTransition.swift */ = {isa = PBXFileReference; lastKnownFileType = sourcecode.swift; path = QHNavigationControllerTransition.swift; sourceTree = "<group>"; };
		74A583361F93648D0073E5D9 /* QHAwemeDemo.app */ = {isa = PBXFileReference; explicitFileType = wrapper.application; includeInIndex = 0; path = QHAwemeDemo.app; sourceTree = BUILT_PRODUCTS_DIR; };
		74A583391F93648D0073E5D9 /* AppDelegate.swift */ = {isa = PBXFileReference; lastKnownFileType = sourcecode.swift; path = AppDelegate.swift; sourceTree = "<group>"; };
		74A5833B1F93648D0073E5D9 /* ViewController.swift */ = {isa = PBXFileReference; lastKnownFileType = sourcecode.swift; path = ViewController.swift; sourceTree = "<group>"; };
		74A5833E1F93648D0073E5D9 /* Base */ = {isa = PBXFileReference; lastKnownFileType = file.storyboard; name = Base; path = Base.lproj/Main.storyboard; sourceTree = "<group>"; };
		74A583401F93648D0073E5D9 /* Assets.xcassets */ = {isa = PBXFileReference; lastKnownFileType = folder.assetcatalog; path = Assets.xcassets; sourceTree = "<group>"; };
		74A583431F93648D0073E5D9 /* Base */ = {isa = PBXFileReference; lastKnownFileType = file.storyboard; name = Base; path = Base.lproj/LaunchScreen.storyboard; sourceTree = "<group>"; };
		74A583451F93648D0073E5D9 /* Info.plist */ = {isa = PBXFileReference; lastKnownFileType = text.plist.xml; path = Info.plist; sourceTree = "<group>"; };
		74A5834E1F9375AF0073E5D9 /* QHTabBarController.swift */ = {isa = PBXFileReference; lastKnownFileType = sourcecode.swift; path = QHTabBarController.swift; sourceTree = "<group>"; };
		74A583501F93C7390073E5D9 /* QHTabBarView.swift */ = {isa = PBXFileReference; lastKnownFileType = sourcecode.swift; path = QHTabBarView.swift; sourceTree = "<group>"; };
		74A583571F945F100073E5D9 /* Home.storyboard */ = {isa = PBXFileReference; lastKnownFileType = file.storyboard; path = Home.storyboard; sourceTree = "<group>"; };
		74A5835A1F945F490073E5D9 /* QHBaseViewController.swift */ = {isa = PBXFileReference; lastKnownFileType = sourcecode.swift; path = QHBaseViewController.swift; sourceTree = "<group>"; };
		74A5835C1F945F790073E5D9 /* QHHomeViewController.swift */ = {isa = PBXFileReference; lastKnownFileType = sourcecode.swift; path = QHHomeViewController.swift; sourceTree = "<group>"; };
		74A5835E1F945FA60073E5D9 /* Find.storyboard */ = {isa = PBXFileReference; lastKnownFileType = file.storyboard; path = Find.storyboard; sourceTree = "<group>"; };
		74A583601F945FB20073E5D9 /* Message.storyboard */ = {isa = PBXFileReference; lastKnownFileType = file.storyboard; path = Message.storyboard; sourceTree = "<group>"; };
		74A583621F945FBD0073E5D9 /* Mine.storyboard */ = {isa = PBXFileReference; lastKnownFileType = file.storyboard; path = Mine.storyboard; sourceTree = "<group>"; };
		74A583641F9460000073E5D9 /* QHFindViewController.swift */ = {isa = PBXFileReference; lastKnownFileType = sourcecode.swift; path = QHFindViewController.swift; sourceTree = "<group>"; };
		74A583661F94601D0073E5D9 /* QHMessageViewController.swift */ = {isa = PBXFileReference; lastKnownFileType = sourcecode.swift; path = QHMessageViewController.swift; sourceTree = "<group>"; };
		74A583681F94602B0073E5D9 /* QHMineViewController.swift */ = {isa = PBXFileReference; lastKnownFileType = sourcecode.swift; path = QHMineViewController.swift; sourceTree = "<group>"; };
		74DE6F361F9CDA980061D47E /* QHHomeCollectionViewCell.swift */ = {isa = PBXFileReference; lastKnownFileType = sourcecode.swift; path = QHHomeCollectionViewCell.swift; sourceTree = "<group>"; };
		74DE6F391F9CF0B90061D47E /* QHDetailsViewController.swift */ = {isa = PBXFileReference; lastKnownFileType = sourcecode.swift; path = QHDetailsViewController.swift; sourceTree = "<group>"; };
		74DE6F3A1F9CF0B90061D47E /* QHDetailsViewController.xib */ = {isa = PBXFileReference; lastKnownFileType = file.xib; path = QHDetailsViewController.xib; sourceTree = "<group>"; };
		74DE6F401F9DC2E40061D47E /* QHNavigationController.swift */ = {isa = PBXFileReference; lastKnownFileType = sourcecode.swift; path = QHNavigationController.swift; sourceTree = "<group>"; };
		74F420F11FA5113C00D7671D /* QHPlayViewController.swift */ = {isa = PBXFileReference; lastKnownFileType = sourcecode.swift; path = QHPlayViewController.swift; sourceTree = "<group>"; };
		74F420F21FA5113C00D7671D /* QHPlayViewController.xib */ = {isa = PBXFileReference; lastKnownFileType = file.xib; path = QHPlayViewController.xib; sourceTree = "<group>"; };
		74F420F51FA5127000D7671D /* QHNavigationBar.swift */ = {isa = PBXFileReference; lastKnownFileType = sourcecode.swift; path = QHNavigationBar.swift; sourceTree = "<group>"; };
		74F420F61FA5127000D7671D /* QHNavigationBar.xib */ = {isa = PBXFileReference; lastKnownFileType = file.xib; path = QHNavigationBar.xib; sourceTree = "<group>"; };
		74F898BB1FA6197C0091CCC9 /* QHBaseTransition.swift */ = {isa = PBXFileReference; lastKnownFileType = sourcecode.swift; path = QHBaseTransition.swift; sourceTree = "<group>"; };
/* End PBXFileReference section */

/* Begin PBXFrameworksBuildPhase section */
		74A583331F93648D0073E5D9 /* Frameworks */ = {
			isa = PBXFrameworksBuildPhase;
			buildActionMask = 2147483647;
			files = (
			);
			runOnlyForDeploymentPostprocessing = 0;
		};
/* End PBXFrameworksBuildPhase section */

/* Begin PBXGroup section */
		7453462C1FA63A9D00A8DA04 /* Record */ = {
			isa = PBXGroup;
			children = (
				7453462D1FA63AC600A8DA04 /* QHRecordViewController.swift */,
				7453462E1FA63AC600A8DA04 /* QHRecordViewController.xib */,
			);
			path = Record;
			sourceTree = "<group>";
		};
		74A5832D1F93648D0073E5D9 = {
			isa = PBXGroup;
			children = (
				74A583381F93648D0073E5D9 /* QHAwemeDemo */,
				74A583371F93648D0073E5D9 /* Products */,
			);
			sourceTree = "<group>";
		};
		74A583371F93648D0073E5D9 /* Products */ = {
			isa = PBXGroup;
			children = (
				74A583361F93648D0073E5D9 /* QHAwemeDemo.app */,
			);
			name = Products;
			sourceTree = "<group>";
		};
		74A583381F93648D0073E5D9 /* QHAwemeDemo */ = {
			isa = PBXGroup;
			children = (
				74A583591F945F230073E5D9 /* Base */,
				74A5834C1F9367EF0073E5D9 /* Modules */,
				74A583521F945CC60073E5D9 /* ViewController */,
				74A583391F93648D0073E5D9 /* AppDelegate.swift */,
				74A5833B1F93648D0073E5D9 /* ViewController.swift */,
				7468424A1FA051BE00E86B09 /* QHRootScrollViewController.swift */,
				7468424E1FA0548100E86B09 /* QHLeftRootViewController.swift */,
				746842501FA054AA00E86B09 /* QHTabBarViewController.swift */,
				74A5833D1F93648D0073E5D9 /* Main.storyboard */,
				74A583401F93648D0073E5D9 /* Assets.xcassets */,
				74A583421F93648D0073E5D9 /* LaunchScreen.storyboard */,
				74A583451F93648D0073E5D9 /* Info.plist */,
			);
			path = QHAwemeDemo;
			sourceTree = "<group>";
		};
		74A5834C1F9367EF0073E5D9 /* Modules */ = {
			isa = PBXGroup;
			children = (
				74A5836A1F9460F10073E5D9 /* QHNavigationControllerMan */,
				74A5834D1F93742F0073E5D9 /* QHTabBarMan */,
			);
			path = Modules;
			sourceTree = "<group>";
		};
		74A5834D1F93742F0073E5D9 /* QHTabBarMan */ = {
			isa = PBXGroup;
			children = (
				74A5834E1F9375AF0073E5D9 /* QHTabBarController.swift */,
				74A583501F93C7390073E5D9 /* QHTabBarView.swift */,
			);
			path = QHTabBarMan;
			sourceTree = "<group>";
		};
		74A583521F945CC60073E5D9 /* ViewController */ = {
			isa = PBXGroup;
			children = (
				7453462C1FA63A9D00A8DA04 /* Record */,
				74A583531F945CE60073E5D9 /* Home */,
				74A583561F945D270073E5D9 /* Find */,
				74A583551F945D1E0073E5D9 /* Message */,
				74A583541F945CF10073E5D9 /* Mine */,
			);
			path = ViewController;
			sourceTree = "<group>";
		};
		74A583531F945CE60073E5D9 /* Home */ = {
			isa = PBXGroup;
			children = (
				74A583571F945F100073E5D9 /* Home.storyboard */,
				74A5835C1F945F790073E5D9 /* QHHomeViewController.swift */,
				74DE6F361F9CDA980061D47E /* QHHomeCollectionViewCell.swift */,
				74DE6F381F9CF05C0061D47E /* Details */,
				74F420F01FA5106C00D7671D /* Play */,
			);
			path = Home;
			sourceTree = "<group>";
		};
		74A583541F945CF10073E5D9 /* Mine */ = {
			isa = PBXGroup;
			children = (
				74A583621F945FBD0073E5D9 /* Mine.storyboard */,
				74A583681F94602B0073E5D9 /* QHMineViewController.swift */,
			);
			path = Mine;
			sourceTree = "<group>";
		};
		74A583551F945D1E0073E5D9 /* Message */ = {
			isa = PBXGroup;
			children = (
				74A583601F945FB20073E5D9 /* Message.storyboard */,
				74A583661F94601D0073E5D9 /* QHMessageViewController.swift */,
			);
			path = Message;
			sourceTree = "<group>";
		};
		74A583561F945D270073E5D9 /* Find */ = {
			isa = PBXGroup;
			children = (
				74A5835E1F945FA60073E5D9 /* Find.storyboard */,
				74A583641F9460000073E5D9 /* QHFindViewController.swift */,
			);
			path = Find;
			sourceTree = "<group>";
		};
		74A583591F945F230073E5D9 /* Base */ = {
			isa = PBXGroup;
			children = (
				74A5835A1F945F490073E5D9 /* QHBaseViewController.swift */,
			);
			path = Base;
			sourceTree = "<group>";
		};
		74A5836A1F9460F10073E5D9 /* QHNavigationControllerMan */ = {
			isa = PBXGroup;
			children = (
				74F898BA1FA618490091CCC9 /* OtherTransition */,
				74F420F51FA5127000D7671D /* QHNavigationBar.swift */,
				74F420F61FA5127000D7671D /* QHNavigationBar.xib */,
				74DE6F401F9DC2E40061D47E /* QHNavigationController.swift */,
				747E137F1F9F0DAD00F65590 /* QHNavigationControllerTransition.swift */,
				743445221F9E150200569228 /* QHPushAnimationTransition.swift */,
			);
			path = QHNavigationControllerMan;
			sourceTree = "<group>";
		};
		74DE6F381F9CF05C0061D47E /* Details */ = {
			isa = PBXGroup;
			children = (
				74DE6F391F9CF0B90061D47E /* QHDetailsViewController.swift */,
				74DE6F3A1F9CF0B90061D47E /* QHDetailsViewController.xib */,
			);
			path = Details;
			sourceTree = "<group>";
		};
		74F420F01FA5106C00D7671D /* Play */ = {
			isa = PBXGroup;
			children = (
				74F420F11FA5113C00D7671D /* QHPlayViewController.swift */,
				74F420F21FA5113C00D7671D /* QHPlayViewController.xib */,
			);
			path = Play;
			sourceTree = "<group>";
		};
		74F898BA1FA618490091CCC9 /* OtherTransition */ = {
			isa = PBXGroup;
			children = (
				74F898BB1FA6197C0091CCC9 /* QHBaseTransition.swift */,
				745346261FA6252800A8DA04 /* QHNavigationOtherTransition.swift */,
				745346281FA62B9A00A8DA04 /* QHPresentPushTransition.swift */,
				7453462A1FA62BA800A8DA04 /* QHPresentPopTransition.swift */,
			);
			path = OtherTransition;
			sourceTree = "<group>";
		};
/* End PBXGroup section */

/* Begin PBXNativeTarget section */
		74A583351F93648D0073E5D9 /* QHAwemeDemo */ = {
			isa = PBXNativeTarget;
			buildConfigurationList = 74A583481F93648D0073E5D9 /* Build configuration list for PBXNativeTarget "QHAwemeDemo" */;
			buildPhases = (
				74A583321F93648D0073E5D9 /* Sources */,
				74A583331F93648D0073E5D9 /* Frameworks */,
				74A583341F93648D0073E5D9 /* Resources */,
			);
			buildRules = (
			);
			dependencies = (
			);
			name = QHAwemeDemo;
			productName = QHAwemeDemo;
			productReference = 74A583361F93648D0073E5D9 /* QHAwemeDemo.app */;
			productType = "com.apple.product-type.application";
		};
/* End PBXNativeTarget section */

/* Begin PBXProject section */
		74A5832E1F93648D0073E5D9 /* Project object */ = {
			isa = PBXProject;
			attributes = {
				LastSwiftUpdateCheck = 0900;
				LastUpgradeCheck = 0900;
				ORGANIZATIONNAME = "AnakinChen Network Technology";
				TargetAttributes = {
					74A583351F93648D0073E5D9 = {
						CreatedOnToolsVersion = 9.0;
						ProvisioningStyle = Automatic;
					};
				};
			};
			buildConfigurationList = 74A583311F93648D0073E5D9 /* Build configuration list for PBXProject "QHAwemeDemo" */;
			compatibilityVersion = "Xcode 8.0";
			developmentRegion = en;
			hasScannedForEncodings = 0;
			knownRegions = (
				en,
				Base,
			);
			mainGroup = 74A5832D1F93648D0073E5D9;
			productRefGroup = 74A583371F93648D0073E5D9 /* Products */;
			projectDirPath = "";
			projectRoot = "";
			targets = (
				74A583351F93648D0073E5D9 /* QHAwemeDemo */,
			);
		};
/* End PBXProject section */

/* Begin PBXResourcesBuildPhase section */
		74A583341F93648D0073E5D9 /* Resources */ = {
			isa = PBXResourcesBuildPhase;
			buildActionMask = 2147483647;
			files = (
				745346301FA63AC600A8DA04 /* QHRecordViewController.xib in Resources */,
				74C07FB61FA5E52100CDD84E /* QHNavigationBar.xib in Resources */,
				74A583441F93648D0073E5D9 /* LaunchScreen.storyboard in Resources */,
				74A5835F1F945FA60073E5D9 /* Find.storyboard in Resources */,
				74F420F41FA5113C00D7671D /* QHPlayViewController.xib in Resources */,
				74DE6F3C1F9CF0B90061D47E /* QHDetailsViewController.xib in Resources */,
				74A583411F93648D0073E5D9 /* Assets.xcassets in Resources */,
				74A5833F1F93648D0073E5D9 /* Main.storyboard in Resources */,
				74A583631F945FBD0073E5D9 /* Mine.storyboard in Resources */,
				74A583611F945FB20073E5D9 /* Message.storyboard in Resources */,
				74A583581F945F100073E5D9 /* Home.storyboard in Resources */,
			);
			runOnlyForDeploymentPostprocessing = 0;
		};
/* End PBXResourcesBuildPhase section */

/* Begin PBXSourcesBuildPhase section */
		74A583321F93648D0073E5D9 /* Sources */ = {
			isa = PBXSourcesBuildPhase;
			buildActionMask = 2147483647;
			files = (
				7468424F1FA0548100E86B09 /* QHLeftRootViewController.swift in Sources */,
				74F420F31FA5113C00D7671D /* QHPlayViewController.swift in Sources */,
				745346271FA6252800A8DA04 /* QHNavigationOtherTransition.swift in Sources */,
				74A5833C1F93648D0073E5D9 /* ViewController.swift in Sources */,
				74F420F71FA5127000D7671D /* QHNavigationBar.swift in Sources */,
				74A583511F93C7390073E5D9 /* QHTabBarView.swift in Sources */,
				74DE6F371F9CDA980061D47E /* QHHomeCollectionViewCell.swift in Sources */,
				74A583691F94602B0073E5D9 /* QHMineViewController.swift in Sources */,
				74A5834F1F9375AF0073E5D9 /* QHTabBarController.swift in Sources */,
				745346291FA62B9A00A8DA04 /* QHPresentPushTransition.swift in Sources */,
				74A5833A1F93648D0073E5D9 /* AppDelegate.swift in Sources */,
				743445231F9E150200569228 /* QHPushAnimationTransition.swift in Sources */,
				74A583651F9460000073E5D9 /* QHFindViewController.swift in Sources */,
				74DE6F3B1F9CF0B90061D47E /* QHDetailsViewController.swift in Sources */,
				7453462F1FA63AC600A8DA04 /* QHRecordViewController.swift in Sources */,
				74F898BC1FA6197C0091CCC9 /* QHBaseTransition.swift in Sources */,
				7468424B1FA051BE00E86B09 /* QHRootScrollViewController.swift in Sources */,
				74DE6F411F9DC2E40061D47E /* QHNavigationController.swift in Sources */,
				74A583671F94601D0073E5D9 /* QHMessageViewController.swift in Sources */,
				74A5835D1F945F790073E5D9 /* QHHomeViewController.swift in Sources */,
				74A5835B1F945F490073E5D9 /* QHBaseViewController.swift in Sources */,
				7453462B1FA62BA800A8DA04 /* QHPresentPopTransition.swift in Sources */,
				747E13801F9F0DAD00F65590 /* QHNavigationControllerTransition.swift in Sources */,
				746842511FA054AA00E86B09 /* QHTabBarViewController.swift in Sources */,
			);
			runOnlyForDeploymentPostprocessing = 0;
		};
/* End PBXSourcesBuildPhase section */

/* Begin PBXVariantGroup section */
		74A5833D1F93648D0073E5D9 /* Main.storyboard */ = {
			isa = PBXVariantGroup;
			children = (
				74A5833E1F93648D0073E5D9 /* Base */,
			);
			name = Main.storyboard;
			sourceTree = "<group>";
		};
		74A583421F93648D0073E5D9 /* LaunchScreen.storyboard */ = {
			isa = PBXVariantGroup;
			children = (
				74A583431F93648D0073E5D9 /* Base */,
			);
			name = LaunchScreen.storyboard;
			sourceTree = "<group>";
		};
/* End PBXVariantGroup section */

/* Begin XCBuildConfiguration section */
		74A583461F93648D0073E5D9 /* Debug */ = {
			isa = XCBuildConfiguration;
			buildSettings = {
				ALWAYS_SEARCH_USER_PATHS = NO;
				CLANG_ANALYZER_NONNULL = YES;
				CLANG_ANALYZER_NUMBER_OBJECT_CONVERSION = YES_AGGRESSIVE;
				CLANG_CXX_LANGUAGE_STANDARD = "gnu++14";
				CLANG_CXX_LIBRARY = "libc++";
				CLANG_ENABLE_MODULES = YES;
				CLANG_ENABLE_OBJC_ARC = YES;
				CLANG_WARN_BLOCK_CAPTURE_AUTORELEASING = YES;
				CLANG_WARN_BOOL_CONVERSION = YES;
				CLANG_WARN_COMMA = YES;
				CLANG_WARN_CONSTANT_CONVERSION = YES;
				CLANG_WARN_DIRECT_OBJC_ISA_USAGE = YES_ERROR;
				CLANG_WARN_DOCUMENTATION_COMMENTS = YES;
				CLANG_WARN_EMPTY_BODY = YES;
				CLANG_WARN_ENUM_CONVERSION = YES;
				CLANG_WARN_INFINITE_RECURSION = YES;
				CLANG_WARN_INT_CONVERSION = YES;
				CLANG_WARN_NON_LITERAL_NULL_CONVERSION = YES;
				CLANG_WARN_OBJC_LITERAL_CONVERSION = YES;
				CLANG_WARN_OBJC_ROOT_CLASS = YES_ERROR;
				CLANG_WARN_RANGE_LOOP_ANALYSIS = YES;
				CLANG_WARN_STRICT_PROTOTYPES = YES;
				CLANG_WARN_SUSPICIOUS_MOVE = YES;
				CLANG_WARN_UNGUARDED_AVAILABILITY = YES_AGGRESSIVE;
				CLANG_WARN_UNREACHABLE_CODE = YES;
				CLANG_WARN__DUPLICATE_METHOD_MATCH = YES;
				CODE_SIGN_IDENTITY = "iPhone Developer";
				COPY_PHASE_STRIP = NO;
				DEBUG_INFORMATION_FORMAT = dwarf;
				ENABLE_STRICT_OBJC_MSGSEND = YES;
				ENABLE_TESTABILITY = YES;
				GCC_C_LANGUAGE_STANDARD = gnu11;
				GCC_DYNAMIC_NO_PIC = NO;
				GCC_NO_COMMON_BLOCKS = YES;
				GCC_OPTIMIZATION_LEVEL = 0;
				GCC_PREPROCESSOR_DEFINITIONS = (
					"DEBUG=1",
					"$(inherited)",
				);
				GCC_WARN_64_TO_32_BIT_CONVERSION = YES;
				GCC_WARN_ABOUT_RETURN_TYPE = YES_ERROR;
				GCC_WARN_UNDECLARED_SELECTOR = YES;
				GCC_WARN_UNINITIALIZED_AUTOS = YES_AGGRESSIVE;
				GCC_WARN_UNUSED_FUNCTION = YES;
				GCC_WARN_UNUSED_VARIABLE = YES;
				IPHONEOS_DEPLOYMENT_TARGET = 11.0;
				MTL_ENABLE_DEBUG_INFO = YES;
				ONLY_ACTIVE_ARCH = YES;
				SDKROOT = iphoneos;
				SWIFT_ACTIVE_COMPILATION_CONDITIONS = DEBUG;
				SWIFT_OPTIMIZATION_LEVEL = "-Onone";
			};
			name = Debug;
		};
		74A583471F93648D0073E5D9 /* Release */ = {
			isa = XCBuildConfiguration;
			buildSettings = {
				ALWAYS_SEARCH_USER_PATHS = NO;
				CLANG_ANALYZER_NONNULL = YES;
				CLANG_ANALYZER_NUMBER_OBJECT_CONVERSION = YES_AGGRESSIVE;
				CLANG_CXX_LANGUAGE_STANDARD = "gnu++14";
				CLANG_CXX_LIBRARY = "libc++";
				CLANG_ENABLE_MODULES = YES;
				CLANG_ENABLE_OBJC_ARC = YES;
				CLANG_WARN_BLOCK_CAPTURE_AUTORELEASING = YES;
				CLANG_WARN_BOOL_CONVERSION = YES;
				CLANG_WARN_COMMA = YES;
				CLANG_WARN_CONSTANT_CONVERSION = YES;
				CLANG_WARN_DIRECT_OBJC_ISA_USAGE = YES_ERROR;
				CLANG_WARN_DOCUMENTATION_COMMENTS = YES;
				CLANG_WARN_EMPTY_BODY = YES;
				CLANG_WARN_ENUM_CONVERSION = YES;
				CLANG_WARN_INFINITE_RECURSION = YES;
				CLANG_WARN_INT_CONVERSION = YES;
				CLANG_WARN_NON_LITERAL_NULL_CONVERSION = YES;
				CLANG_WARN_OBJC_LITERAL_CONVERSION = YES;
				CLANG_WARN_OBJC_ROOT_CLASS = YES_ERROR;
				CLANG_WARN_RANGE_LOOP_ANALYSIS = YES;
				CLANG_WARN_STRICT_PROTOTYPES = YES;
				CLANG_WARN_SUSPICIOUS_MOVE = YES;
				CLANG_WARN_UNGUARDED_AVAILABILITY = YES_AGGRESSIVE;
				CLANG_WARN_UNREACHABLE_CODE = YES;
				CLANG_WARN__DUPLICATE_METHOD_MATCH = YES;
				CODE_SIGN_IDENTITY = "iPhone Developer";
				COPY_PHASE_STRIP = NO;
				DEBUG_INFORMATION_FORMAT = "dwarf-with-dsym";
				ENABLE_NS_ASSERTIONS = NO;
				ENABLE_STRICT_OBJC_MSGSEND = YES;
				GCC_C_LANGUAGE_STANDARD = gnu11;
				GCC_NO_COMMON_BLOCKS = YES;
				GCC_WARN_64_TO_32_BIT_CONVERSION = YES;
				GCC_WARN_ABOUT_RETURN_TYPE = YES_ERROR;
				GCC_WARN_UNDECLARED_SELECTOR = YES;
				GCC_WARN_UNINITIALIZED_AUTOS = YES_AGGRESSIVE;
				GCC_WARN_UNUSED_FUNCTION = YES;
				GCC_WARN_UNUSED_VARIABLE = YES;
				IPHONEOS_DEPLOYMENT_TARGET = 11.0;
				MTL_ENABLE_DEBUG_INFO = NO;
				SDKROOT = iphoneos;
				SWIFT_OPTIMIZATION_LEVEL = "-Owholemodule";
				VALIDATE_PRODUCT = YES;
			};
			name = Release;
		};
		74A583491F93648D0073E5D9 /* Debug */ = {
			isa = XCBuildConfiguration;
			buildSettings = {
				ASSETCATALOG_COMPILER_APPICON_NAME = AppIcon;
				CODE_SIGN_STYLE = Automatic;
				DEVELOPMENT_TEAM = JC9Y4K55DX;
				INFOPLIST_FILE = QHAwemeDemo/Info.plist;
				IPHONEOS_DEPLOYMENT_TARGET = 10.3;
				LD_RUNPATH_SEARCH_PATHS = "$(inherited) @executable_path/Frameworks";
				PRODUCT_BUNDLE_IDENTIFIER = com.chen.QHAwemeDemo;
				PRODUCT_NAME = "$(TARGET_NAME)";
				SWIFT_VERSION = 4.0;
				TARGETED_DEVICE_FAMILY = "1,2";
			};
			name = Debug;
		};
		74A5834A1F93648D0073E5D9 /* Release */ = {
			isa = XCBuildConfiguration;
			buildSettings = {
				ASSETCATALOG_COMPILER_APPICON_NAME = AppIcon;
				CODE_SIGN_STYLE = Automatic;
				DEVELOPMENT_TEAM = JC9Y4K55DX;
				INFOPLIST_FILE = QHAwemeDemo/Info.plist;
				IPHONEOS_DEPLOYMENT_TARGET = 10.3;
				LD_RUNPATH_SEARCH_PATHS = "$(inherited) @executable_path/Frameworks";
				PRODUCT_BUNDLE_IDENTIFIER = com.chen.QHAwemeDemo;
				PRODUCT_NAME = "$(TARGET_NAME)";
				SWIFT_VERSION = 4.0;
				TARGETED_DEVICE_FAMILY = "1,2";
			};
			name = Release;
		};
/* End XCBuildConfiguration section */

/* Begin XCConfigurationList section */
		74A583311F93648D0073E5D9 /* Build configuration list for PBXProject "QHAwemeDemo" */ = {
			isa = XCConfigurationList;
			buildConfigurations = (
				74A583461F93648D0073E5D9 /* Debug */,
				74A583471F93648D0073E5D9 /* Release */,
			);
			defaultConfigurationIsVisible = 0;
			defaultConfigurationName = Release;
		};
		74A583481F93648D0073E5D9 /* Build configuration list for PBXNativeTarget "QHAwemeDemo" */ = {
			isa = XCConfigurationList;
			buildConfigurations = (
				74A583491F93648D0073E5D9 /* Debug */,
				74A5834A1F93648D0073E5D9 /* Release */,
			);
			defaultConfigurationIsVisible = 0;
			defaultConfigurationName = Release;
		};
/* End XCConfigurationList section */
	};
	rootObject = 74A5832E1F93648D0073E5D9 /* Project object */;
}
